// !$*UTF8*$!
{
	archiveVersion = 1;
	classes = {
	};
	objectVersion = 56;
	objects = {

/* Begin PBXBuildFile section */
		81EC8CFC2A75BB9500CA62A2 /* ChaseCoinApp.swift in Sources */ = {isa = PBXBuildFile; fileRef = 81EC8CFB2A75BB9500CA62A2 /* ChaseCoinApp.swift */; };
		81EC8CFE2A75BB9500CA62A2 /* ContentView.swift in Sources */ = {isa = PBXBuildFile; fileRef = 81EC8CFD2A75BB9500CA62A2 /* ContentView.swift */; };
		81EC8D002A75BB9800CA62A2 /* Assets.xcassets in Resources */ = {isa = PBXBuildFile; fileRef = 81EC8CFF2A75BB9800CA62A2 /* Assets.xcassets */; };
		81EC8D032A75BB9800CA62A2 /* Preview Assets.xcassets in Resources */ = {isa = PBXBuildFile; fileRef = 81EC8D022A75BB9800CA62A2 /* Preview Assets.xcassets */; };
		81EC8D0D2A75BB9800CA62A2 /* ChaseCoinTests.swift in Sources */ = {isa = PBXBuildFile; fileRef = 81EC8D0C2A75BB9800CA62A2 /* ChaseCoinTests.swift */; };
		81EC8D172A75BB9800CA62A2 /* ChaseCoinUITests.swift in Sources */ = {isa = PBXBuildFile; fileRef = 81EC8D162A75BB9800CA62A2 /* ChaseCoinUITests.swift */; };
		81EC8D192A75BB9800CA62A2 /* ChaseCoinUITestsLaunchTests.swift in Sources */ = {isa = PBXBuildFile; fileRef = 81EC8D182A75BB9800CA62A2 /* ChaseCoinUITestsLaunchTests.swift */; };
/* End PBXBuildFile section */

/* Begin PBXContainerItemProxy section */
		81EC8D092A75BB9800CA62A2 /* PBXContainerItemProxy */ = {
			isa = PBXContainerItemProxy;
			containerPortal = 81EC8CF02A75BB9500CA62A2 /* Project object */;
			proxyType = 1;
			remoteGlobalIDString = 81EC8CF72A75BB9500CA62A2;
			remoteInfo = ChaseCoin;
		};
		81EC8D132A75BB9800CA62A2 /* PBXContainerItemProxy */ = {
			isa = PBXContainerItemProxy;
			containerPortal = 81EC8CF02A75BB9500CA62A2 /* Project object */;
			proxyType = 1;
			remoteGlobalIDString = 81EC8CF72A75BB9500CA62A2;
			remoteInfo = ChaseCoin;
		};
/* End PBXContainerItemProxy section */

/* Begin PBXFileReference section */
		81EC8CF82A75BB9500CA62A2 /* ChaseCoin.app */ = {isa = PBXFileReference; explicitFileType = wrapper.application; includeInIndex = 0; path = ChaseCoin.app; sourceTree = BUILT_PRODUCTS_DIR; };
		81EC8CFB2A75BB9500CA62A2 /* ChaseCoinApp.swift */ = {isa = PBXFileReference; lastKnownFileType = sourcecode.swift; path = ChaseCoinApp.swift; sourceTree = "<group>"; };
		81EC8CFD2A75BB9500CA62A2 /* ContentView.swift */ = {isa = PBXFileReference; lastKnownFileType = sourcecode.swift; path = ContentView.swift; sourceTree = "<group>"; };
		81EC8CFF2A75BB9800CA62A2 /* Assets.xcassets */ = {isa = PBXFileReference; lastKnownFileType = folder.assetcatalog; path = Assets.xcassets; sourceTree = "<group>"; };
		81EC8D022A75BB9800CA62A2 /* Preview Assets.xcassets */ = {isa = PBXFileReference; lastKnownFileType = folder.assetcatalog; path = "Preview Assets.xcassets"; sourceTree = "<group>"; };
		81EC8D082A75BB9800CA62A2 /* ChaseCoinTests.xctest */ = {isa = PBXFileReference; explicitFileType = wrapper.cfbundle; includeInIndex = 0; path = ChaseCoinTests.xctest; sourceTree = BUILT_PRODUCTS_DIR; };
		81EC8D0C2A75BB9800CA62A2 /* ChaseCoinTests.swift */ = {isa = PBXFileReference; lastKnownFileType = sourcecode.swift; path = ChaseCoinTests.swift; sourceTree = "<group>"; };
		81EC8D122A75BB9800CA62A2 /* ChaseCoinUITests.xctest */ = {isa = PBXFileReference; explicitFileType = wrapper.cfbundle; includeInIndex = 0; path = ChaseCoinUITests.xctest; sourceTree = BUILT_PRODUCTS_DIR; };
		81EC8D162A75BB9800CA62A2 /* ChaseCoinUITests.swift */ = {isa = PBXFileReference; lastKnownFileType = sourcecode.swift; path = ChaseCoinUITests.swift; sourceTree = "<group>"; };
		81EC8D182A75BB9800CA62A2 /* ChaseCoinUITestsLaunchTests.swift */ = {isa = PBXFileReference; lastKnownFileType = sourcecode.swift; path = ChaseCoinUITestsLaunchTests.swift; sourceTree = "<group>"; };
/* End PBXFileReference section */

/* Begin PBXFrameworksBuildPhase section */
		81EC8CF52A75BB9500CA62A2 /* Frameworks */ = {
			isa = PBXFrameworksBuildPhase;
			buildActionMask = 2147483647;
			files = (
			);
			runOnlyForDeploymentPostprocessing = 0;
		};
		81EC8D052A75BB9800CA62A2 /* Frameworks */ = {
			isa = PBXFrameworksBuildPhase;
			buildActionMask = 2147483647;
			files = (
			);
			runOnlyForDeploymentPostprocessing = 0;
		};
		81EC8D0F2A75BB9800CA62A2 /* Frameworks */ = {
			isa = PBXFrameworksBuildPhase;
			buildActionMask = 2147483647;
			files = (
			);
			runOnlyForDeploymentPostprocessing = 0;
		};
/* End PBXFrameworksBuildPhase section */

/* Begin PBXGroup section */
		81EC8CEF2A75BB9500CA62A2 = {
			isa = PBXGroup;
			children = (
				81EC8CFA2A75BB9500CA62A2 /* ChaseCoin */,
				81EC8D0B2A75BB9800CA62A2 /* ChaseCoinTests */,
				81EC8D152A75BB9800CA62A2 /* ChaseCoinUITests */,
				81EC8CF92A75BB9500CA62A2 /* Products */,
			);
			sourceTree = "<group>";
		};
		81EC8CF92A75BB9500CA62A2 /* Products */ = {
			isa = PBXGroup;
			children = (
				81EC8CF82A75BB9500CA62A2 /* ChaseCoin.app */,
				81EC8D082A75BB9800CA62A2 /* ChaseCoinTests.xctest */,
				81EC8D122A75BB9800CA62A2 /* ChaseCoinUITests.xctest */,
			);
			name = Products;
			sourceTree = "<group>";
		};
		81EC8CFA2A75BB9500CA62A2 /* ChaseCoin */ = {
			isa = PBXGroup;
			children = (
				81EC8CFB2A75BB9500CA62A2 /* ChaseCoinApp.swift */,
				81EC8CFD2A75BB9500CA62A2 /* ContentView.swift */,
				81EC8CFF2A75BB9800CA62A2 /* Assets.xcassets */,
				81EC8D012A75BB9800CA62A2 /* Preview Content */,
			);
			path = ChaseCoin;
			sourceTree = "<group>";
		};
		81EC8D012A75BB9800CA62A2 /* Preview Content */ = {
			isa = PBXGroup;
			children = (
				81EC8D022A75BB9800CA62A2 /* Preview Assets.xcassets */,
			);
			path = "Preview Content";
			sourceTree = "<group>";
		};
		81EC8D0B2A75BB9800CA62A2 /* ChaseCoinTests */ = {
			isa = PBXGroup;
			children = (
				81EC8D0C2A75BB9800CA62A2 /* ChaseCoinTests.swift */,
			);
			path = ChaseCoinTests;
			sourceTree = "<group>";
		};
		81EC8D152A75BB9800CA62A2 /* ChaseCoinUITests */ = {
			isa = PBXGroup;
			children = (
				81EC8D162A75BB9800CA62A2 /* ChaseCoinUITests.swift */,
				81EC8D182A75BB9800CA62A2 /* ChaseCoinUITestsLaunchTests.swift */,
			);
			path = ChaseCoinUITests;
			sourceTree = "<group>";
		};
/* End PBXGroup section */

/* Begin PBXNativeTarget section */
		81EC8CF72A75BB9500CA62A2 /* ChaseCoin */ = {
			isa = PBXNativeTarget;
			buildConfigurationList = 81EC8D1C2A75BB9800CA62A2 /* Build configuration list for PBXNativeTarget "ChaseCoin" */;
			buildPhases = (
				81EC8CF42A75BB9500CA62A2 /* Sources */,
				81EC8CF52A75BB9500CA62A2 /* Frameworks */,
				81EC8CF62A75BB9500CA62A2 /* Resources */,
			);
			buildRules = (
			);
			dependencies = (
			);
			name = ChaseCoin;
			productName = ChaseCoin;
			productReference = 81EC8CF82A75BB9500CA62A2 /* ChaseCoin.app */;
			productType = "com.apple.product-type.application";
		};
		81EC8D072A75BB9800CA62A2 /* ChaseCoinTests */ = {
			isa = PBXNativeTarget;
			buildConfigurationList = 81EC8D1F2A75BB9800CA62A2 /* Build configuration list for PBXNativeTarget "ChaseCoinTests" */;
			buildPhases = (
				81EC8D042A75BB9800CA62A2 /* Sources */,
				81EC8D052A75BB9800CA62A2 /* Frameworks */,
				81EC8D062A75BB9800CA62A2 /* Resources */,
			);
			buildRules = (
			);
			dependencies = (
				81EC8D0A2A75BB9800CA62A2 /* PBXTargetDependency */,
			);
			name = ChaseCoinTests;
			productName = ChaseCoinTests;
			productReference = 81EC8D082A75BB9800CA62A2 /* ChaseCoinTests.xctest */;
			productType = "com.apple.product-type.bundle.unit-test";
		};
		81EC8D112A75BB9800CA62A2 /* ChaseCoinUITests */ = {
			isa = PBXNativeTarget;
			buildConfigurationList = 81EC8D222A75BB9800CA62A2 /* Build configuration list for PBXNativeTarget "ChaseCoinUITests" */;
			buildPhases = (
				81EC8D0E2A75BB9800CA62A2 /* Sources */,
				81EC8D0F2A75BB9800CA62A2 /* Frameworks */,
				81EC8D102A75BB9800CA62A2 /* Resources */,
			);
			buildRules = (
			);
			dependencies = (
				81EC8D142A75BB9800CA62A2 /* PBXTargetDependency */,
			);
			name = ChaseCoinUITests;
			productName = ChaseCoinUITests;
			productReference = 81EC8D122A75BB9800CA62A2 /* ChaseCoinUITests.xctest */;
			productType = "com.apple.product-type.bundle.ui-testing";
		};
/* End PBXNativeTarget section */

/* Begin PBXProject section */
		81EC8CF02A75BB9500CA62A2 /* Project object */ = {
			isa = PBXProject;
			attributes = {
				BuildIndependentTargetsInParallel = 1;
				LastSwiftUpdateCheck = 1500;
				LastUpgradeCheck = 1500;
				TargetAttributes = {
					81EC8CF72A75BB9500CA62A2 = {
						CreatedOnToolsVersion = 15.0;
					};
					81EC8D072A75BB9800CA62A2 = {
						CreatedOnToolsVersion = 15.0;
						TestTargetID = 81EC8CF72A75BB9500CA62A2;
					};
					81EC8D112A75BB9800CA62A2 = {
						CreatedOnToolsVersion = 15.0;
						TestTargetID = 81EC8CF72A75BB9500CA62A2;
					};
				};
			};
			buildConfigurationList = 81EC8CF32A75BB9500CA62A2 /* Build configuration list for PBXProject "ChaseCoin" */;
			compatibilityVersion = "Xcode 14.0";
			developmentRegion = en;
			hasScannedForEncodings = 0;
			knownRegions = (
				en,
				Base,
			);
			mainGroup = 81EC8CEF2A75BB9500CA62A2;
			productRefGroup = 81EC8CF92A75BB9500CA62A2 /* Products */;
			projectDirPath = "";
			projectRoot = "";
			targets = (
				81EC8CF72A75BB9500CA62A2 /* ChaseCoin */,
				81EC8D072A75BB9800CA62A2 /* ChaseCoinTests */,
				81EC8D112A75BB9800CA62A2 /* ChaseCoinUITests */,
			);
		};
/* End PBXProject section */

/* Begin PBXResourcesBuildPhase section */
		81EC8CF62A75BB9500CA62A2 /* Resources */ = {
			isa = PBXResourcesBuildPhase;
			buildActionMask = 2147483647;
			files = (
				81EC8D032A75BB9800CA62A2 /* Preview Assets.xcassets in Resources */,
				81EC8D002A75BB9800CA62A2 /* Assets.xcassets in Resources */,
			);
			runOnlyForDeploymentPostprocessing = 0;
		};
		81EC8D062A75BB9800CA62A2 /* Resources */ = {
			isa = PBXResourcesBuildPhase;
			buildActionMask = 2147483647;
			files = (
			);
			runOnlyForDeploymentPostprocessing = 0;
		};
		81EC8D102A75BB9800CA62A2 /* Resources */ = {
			isa = PBXResourcesBuildPhase;
			buildActionMask = 2147483647;
			files = (
			);
			runOnlyForDeploymentPostprocessing = 0;
		};
/* End PBXResourcesBuildPhase section */

/* Begin PBXSourcesBuildPhase section */
		81EC8CF42A75BB9500CA62A2 /* Sources */ = {
			isa = PBXSourcesBuildPhase;
			buildActionMask = 2147483647;
			files = (
				81EC8CFE2A75BB9500CA62A2 /* ContentView.swift in Sources */,
				81EC8CFC2A75BB9500CA62A2 /* ChaseCoinApp.swift in Sources */,
			);
			runOnlyForDeploymentPostprocessing = 0;
		};
		81EC8D042A75BB9800CA62A2 /* Sources */ = {
			isa = PBXSourcesBuildPhase;
			buildActionMask = 2147483647;
			files = (
				81EC8D0D2A75BB9800CA62A2 /* ChaseCoinTests.swift in Sources */,
			);
			runOnlyForDeploymentPostprocessing = 0;
		};
		81EC8D0E2A75BB9800CA62A2 /* Sources */ = {
			isa = PBXSourcesBuildPhase;
			buildActionMask = 2147483647;
			files = (
				81EC8D192A75BB9800CA62A2 /* ChaseCoinUITestsLaunchTests.swift in Sources */,
				81EC8D172A75BB9800CA62A2 /* ChaseCoinUITests.swift in Sources */,
			);
			runOnlyForDeploymentPostprocessing = 0;
		};
/* End PBXSourcesBuildPhase section */

/* Begin PBXTargetDependency section */
		81EC8D0A2A75BB9800CA62A2 /* PBXTargetDependency */ = {
			isa = PBXTargetDependency;
			target = 81EC8CF72A75BB9500CA62A2 /* ChaseCoin */;
			targetProxy = 81EC8D092A75BB9800CA62A2 /* PBXContainerItemProxy */;
		};
		81EC8D142A75BB9800CA62A2 /* PBXTargetDependency */ = {
			isa = PBXTargetDependency;
			target = 81EC8CF72A75BB9500CA62A2 /* ChaseCoin */;
			targetProxy = 81EC8D132A75BB9800CA62A2 /* PBXContainerItemProxy */;
		};
/* End PBXTargetDependency section */

/* Begin XCBuildConfiguration section */
		81EC8D1A2A75BB9800CA62A2 /* Debug */ = {
			isa = XCBuildConfiguration;
			buildSettings = {
				ALWAYS_SEARCH_USER_PATHS = NO;
				ASSETCATALOG_COMPILER_GENERATE_SWIFT_ASSET_SYMBOL_EXTENSIONS = YES;
				CLANG_ANALYZER_NONNULL = YES;
				CLANG_ANALYZER_NUMBER_OBJECT_CONVERSION = YES_AGGRESSIVE;
				CLANG_CXX_LANGUAGE_STANDARD = "gnu++20";
				CLANG_ENABLE_MODULES = YES;
				CLANG_ENABLE_OBJC_ARC = YES;
				CLANG_ENABLE_OBJC_WEAK = YES;
				CLANG_WARN_BLOCK_CAPTURE_AUTORELEASING = YES;
				CLANG_WARN_BOOL_CONVERSION = YES;
				CLANG_WARN_COMMA = YES;
				CLANG_WARN_CONSTANT_CONVERSION = YES;
				CLANG_WARN_DEPRECATED_OBJC_IMPLEMENTATIONS = YES;
				CLANG_WARN_DIRECT_OBJC_ISA_USAGE = YES_ERROR;
				CLANG_WARN_DOCUMENTATION_COMMENTS = YES;
				CLANG_WARN_EMPTY_BODY = YES;
				CLANG_WARN_ENUM_CONVERSION = YES;
				CLANG_WARN_INFINITE_RECURSION = YES;
				CLANG_WARN_INT_CONVERSION = YES;
				CLANG_WARN_NON_LITERAL_NULL_CONVERSION = YES;
				CLANG_WARN_OBJC_IMPLICIT_RETAIN_SELF = YES;
				CLANG_WARN_OBJC_LITERAL_CONVERSION = YES;
				CLANG_WARN_OBJC_ROOT_CLASS = YES_ERROR;
				CLANG_WARN_QUOTED_INCLUDE_IN_FRAMEWORK_HEADER = YES;
				CLANG_WARN_RANGE_LOOP_ANALYSIS = YES;
				CLANG_WARN_STRICT_PROTOTYPES = YES;
				CLANG_WARN_SUSPICIOUS_MOVE = YES;
				CLANG_WARN_UNGUARDED_AVAILABILITY = YES_AGGRESSIVE;
				CLANG_WARN_UNREACHABLE_CODE = YES;
				CLANG_WARN__DUPLICATE_METHOD_MATCH = YES;
				COPY_PHASE_STRIP = NO;
				DEBUG_INFORMATION_FORMAT = dwarf;
				ENABLE_STRICT_OBJC_MSGSEND = YES;
				ENABLE_TESTABILITY = YES;
				ENABLE_USER_SCRIPT_SANDBOXING = YES;
				GCC_C_LANGUAGE_STANDARD = gnu17;
				GCC_DYNAMIC_NO_PIC = NO;
				GCC_NO_COMMON_BLOCKS = YES;
				GCC_OPTIMIZATION_LEVEL = 0;
				GCC_PREPROCESSOR_DEFINITIONS = (
					"DEBUG=1",
					"$(inherited)",
				);
				GCC_WARN_64_TO_32_BIT_CONVERSION = YES;
				GCC_WARN_ABOUT_RETURN_TYPE = YES_ERROR;
				GCC_WARN_UNDECLARED_SELECTOR = YES;
				GCC_WARN_UNINITIALIZED_AUTOS = YES_AGGRESSIVE;
				GCC_WARN_UNUSED_FUNCTION = YES;
				GCC_WARN_UNUSED_VARIABLE = YES;
				IPHONEOS_DEPLOYMENT_TARGET = 17.0;
				LOCALIZATION_PREFERS_STRING_CATALOGS = YES;
				MTL_ENABLE_DEBUG_INFO = INCLUDE_SOURCE;
				MTL_FAST_MATH = YES;
				ONLY_ACTIVE_ARCH = YES;
				SDKROOT = iphoneos;
				SWIFT_ACTIVE_COMPILATION_CONDITIONS = "DEBUG $(inherited)";
				SWIFT_OPTIMIZATION_LEVEL = "-Onone";
			};
			name = Debug;
		};
		81EC8D1B2A75BB9800CA62A2 /* Release */ = {
			isa = XCBuildConfiguration;
			buildSettings = {
				ALWAYS_SEARCH_USER_PATHS = NO;
				ASSETCATALOG_COMPILER_GENERATE_SWIFT_ASSET_SYMBOL_EXTENSIONS = YES;
				CLANG_ANALYZER_NONNULL = YES;
				CLANG_ANALYZER_NUMBER_OBJECT_CONVERSION = YES_AGGRESSIVE;
				CLANG_CXX_LANGUAGE_STANDARD = "gnu++20";
				CLANG_ENABLE_MODULES = YES;
				CLANG_ENABLE_OBJC_ARC = YES;
				CLANG_ENABLE_OBJC_WEAK = YES;
				CLANG_WARN_BLOCK_CAPTURE_AUTORELEASING = YES;
				CLANG_WARN_BOOL_CONVERSION = YES;
				CLANG_WARN_COMMA = YES;
				CLANG_WARN_CONSTANT_CONVERSION = YES;
				CLANG_WARN_DEPRECATED_OBJC_IMPLEMENTATIONS = YES;
				CLANG_WARN_DIRECT_OBJC_ISA_USAGE = YES_ERROR;
				CLANG_WARN_DOCUMENTATION_COMMENTS = YES;
				CLANG_WARN_EMPTY_BODY = YES;
				CLANG_WARN_ENUM_CONVERSION = YES;
				CLANG_WARN_INFINITE_RECURSION = YES;
				CLANG_WARN_INT_CONVERSION = YES;
				CLANG_WARN_NON_LITERAL_NULL_CONVERSION = YES;
				CLANG_WARN_OBJC_IMPLICIT_RETAIN_SELF = YES;
				CLANG_WARN_OBJC_LITERAL_CONVERSION = YES;
				CLANG_WARN_OBJC_ROOT_CLASS = YES_ERROR;
				CLANG_WARN_QUOTED_INCLUDE_IN_FRAMEWORK_HEADER = YES;
				CLANG_WARN_RANGE_LOOP_ANALYSIS = YES;
				CLANG_WARN_STRICT_PROTOTYPES = YES;
				CLANG_WARN_SUSPICIOUS_MOVE = YES;
				CLANG_WARN_UNGUARDED_AVAILABILITY = YES_AGGRESSIVE;
				CLANG_WARN_UNREACHABLE_CODE = YES;
				CLANG_WARN__DUPLICATE_METHOD_MATCH = YES;
				COPY_PHASE_STRIP = NO;
				DEBUG_INFORMATION_FORMAT = "dwarf-with-dsym";
				ENABLE_NS_ASSERTIONS = NO;
				ENABLE_STRICT_OBJC_MSGSEND = YES;
				ENABLE_USER_SCRIPT_SANDBOXING = YES;
				GCC_C_LANGUAGE_STANDARD = gnu17;
				GCC_NO_COMMON_BLOCKS = YES;
				GCC_WARN_64_TO_32_BIT_CONVERSION = YES;
				GCC_WARN_ABOUT_RETURN_TYPE = YES_ERROR;
				GCC_WARN_UNDECLARED_SELECTOR = YES;
				GCC_WARN_UNINITIALIZED_AUTOS = YES_AGGRESSIVE;
				GCC_WARN_UNUSED_FUNCTION = YES;
				GCC_WARN_UNUSED_VARIABLE = YES;
				IPHONEOS_DEPLOYMENT_TARGET = 17.0;
				LOCALIZATION_PREFERS_STRING_CATALOGS = YES;
				MTL_ENABLE_DEBUG_INFO = NO;
				MTL_FAST_MATH = YES;
				SDKROOT = iphoneos;
				SWIFT_COMPILATION_MODE = wholemodule;
				VALIDATE_PRODUCT = YES;
			};
			name = Release;
		};
		81EC8D1D2A75BB9800CA62A2 /* Debug */ = {
			isa = XCBuildConfiguration;
			buildSettings = {
				ASSETCATALOG_COMPILER_APPICON_NAME = AppIcon;
				ASSETCATALOG_COMPILER_GLOBAL_ACCENT_COLOR_NAME = AccentColor;
				CODE_SIGN_STYLE = Automatic;
				CURRENT_PROJECT_VERSION = 1;
				DEVELOPMENT_ASSET_PATHS = "\"ChaseCoin/Preview Content\"";
				DEVELOPMENT_TEAM = UY9G72F9PC;
				ENABLE_PREVIEWS = YES;
				GENERATE_INFOPLIST_FILE = YES;
				INFOPLIST_KEY_UIApplicationSceneManifest_Generation = YES;
				INFOPLIST_KEY_UIApplicationSupportsIndirectInputEvents = YES;
				INFOPLIST_KEY_UILaunchScreen_Generation = YES;
				INFOPLIST_KEY_UISupportedInterfaceOrientations_iPad = "UIInterfaceOrientationPortrait UIInterfaceOrientationPortraitUpsideDown UIInterfaceOrientationLandscapeLeft UIInterfaceOrientationLandscapeRight";
				INFOPLIST_KEY_UISupportedInterfaceOrientations_iPhone = "UIInterfaceOrientationPortrait UIInterfaceOrientationLandscapeLeft UIInterfaceOrientationLandscapeRight";
				LD_RUNPATH_SEARCH_PATHS = (
					"$(inherited)",
					"@executable_path/Frameworks",
				);
				MARKETING_VERSION = 1.0;
				PRODUCT_BUNDLE_IDENTIFIER = AT.ChaseCoin;
				PRODUCT_NAME = "$(TARGET_NAME)";
				SWIFT_EMIT_LOC_STRINGS = YES;
				SWIFT_VERSION = 5.0;
				TARGETED_DEVICE_FAMILY = "1,2";
			};
			name = Debug;
		};
		81EC8D1E2A75BB9800CA62A2 /* Release */ = {
			isa = XCBuildConfiguration;
			buildSettings = {
				ASSETCATALOG_COMPILER_APPICON_NAME = AppIcon;
				ASSETCATALOG_COMPILER_GLOBAL_ACCENT_COLOR_NAME = AccentColor;
				CODE_SIGN_STYLE = Automatic;
				CURRENT_PROJECT_VERSION = 1;
				DEVELOPMENT_ASSET_PATHS = "\"ChaseCoin/Preview Content\"";
				DEVELOPMENT_TEAM = UY9G72F9PC;
				ENABLE_PREVIEWS = YES;
				GENERATE_INFOPLIST_FILE = YES;
				INFOPLIST_KEY_UIApplicationSceneManifest_Generation = YES;
				INFOPLIST_KEY_UIApplicationSupportsIndirectInputEvents = YES;
				INFOPLIST_KEY_UILaunchScreen_Generation = YES;
				INFOPLIST_KEY_UISupportedInterfaceOrientations_iPad = "UIInterfaceOrientationPortrait UIInterfaceOrientationPortraitUpsideDown UIInterfaceOrientationLandscapeLeft UIInterfaceOrientationLandscapeRight";
				INFOPLIST_KEY_UISupportedInterfaceOrientations_iPhone = "UIInterfaceOrientationPortrait UIInterfaceOrientationLandscapeLeft UIInterfaceOrientationLandscapeRight";
				LD_RUNPATH_SEARCH_PATHS = (
					"$(inherited)",
					"@executable_path/Frameworks",
				);
				MARKETING_VERSION = 1.0;
				PRODUCT_BUNDLE_IDENTIFIER = AT.ChaseCoin;
				PRODUCT_NAME = "$(TARGET_NAME)";
				SWIFT_EMIT_LOC_STRINGS = YES;
				SWIFT_VERSION = 5.0;
				TARGETED_DEVICE_FAMILY = "1,2";
			};
			name = Release;
		};
		81EC8D202A75BB9800CA62A2 /* Debug */ = {
			isa = XCBuildConfiguration;
			buildSettings = {
				ALWAYS_EMBED_SWIFT_STANDARD_LIBRARIES = YES;
				BUNDLE_LOADER = "$(TEST_HOST)";
				CODE_SIGN_STYLE = Automatic;
				CURRENT_PROJECT_VERSION = 1;
				DEVELOPMENT_TEAM = UY9G72F9PC;
				GENERATE_INFOPLIST_FILE = YES;
				IPHONEOS_DEPLOYMENT_TARGET = 17.0;
				MARKETING_VERSION = 1.0;
				PRODUCT_BUNDLE_IDENTIFIER = AT.ChaseCoinTests;
				PRODUCT_NAME = "$(TARGET_NAME)";
				SWIFT_EMIT_LOC_STRINGS = NO;
				SWIFT_VERSION = 5.0;
				TARGETED_DEVICE_FAMILY = "1,2";
				TEST_HOST = "$(BUILT_PRODUCTS_DIR)/ChaseCoin.app/$(BUNDLE_EXECUTABLE_FOLDER_PATH)/ChaseCoin";
			};
			name = Debug;
		};
		81EC8D212A75BB9800CA62A2 /* Release */ = {
			isa = XCBuildConfiguration;
			buildSettings = {
				ALWAYS_EMBED_SWIFT_STANDARD_LIBRARIES = YES;
				BUNDLE_LOADER = "$(TEST_HOST)";
				CODE_SIGN_STYLE = Automatic;
				CURRENT_PROJECT_VERSION = 1;
				DEVELOPMENT_TEAM = UY9G72F9PC;
				GENERATE_INFOPLIST_FILE = YES;
				IPHONEOS_DEPLOYMENT_TARGET = 17.0;
				MARKETING_VERSION = 1.0;
				PRODUCT_BUNDLE_IDENTIFIER = AT.ChaseCoinTests;
				PRODUCT_NAME = "$(TARGET_NAME)";
				SWIFT_EMIT_LOC_STRINGS = NO;
				SWIFT_VERSION = 5.0;
				TARGETED_DEVICE_FAMILY = "1,2";
				TEST_HOST = "$(BUILT_PRODUCTS_DIR)/ChaseCoin.app/$(BUNDLE_EXECUTABLE_FOLDER_PATH)/ChaseCoin";
			};
			name = Release;
		};
		81EC8D232A75BB9800CA62A2 /* Debug */ = {
			isa = XCBuildConfiguration;
			buildSettings = {
				ALWAYS_EMBED_SWIFT_STANDARD_LIBRARIES = YES;
				CODE_SIGN_STYLE = Automatic;
				CURRENT_PROJECT_VERSION = 1;
				DEVELOPMENT_TEAM = UY9G72F9PC;
				GENERATE_INFOPLIST_FILE = YES;
				MARKETING_VERSION = 1.0;
				PRODUCT_BUNDLE_IDENTIFIER = AT.ChaseCoinUITests;
				PRODUCT_NAME = "$(TARGET_NAME)";
				SWIFT_EMIT_LOC_STRINGS = NO;
				SWIFT_VERSION = 5.0;
				TARGETED_DEVICE_FAMILY = "1,2";
				TEST_TARGET_NAME = ChaseCoin;
			};
			name = Debug;
		};
		81EC8D242A75BB9800CA62A2 /* Release */ = {
			isa = XCBuildConfiguration;
			buildSettings = {
				ALWAYS_EMBED_SWIFT_STANDARD_LIBRARIES = YES;
				CODE_SIGN_STYLE = Automatic;
				CURRENT_PROJECT_VERSION = 1;
				DEVELOPMENT_TEAM = UY9G72F9PC;
				GENERATE_INFOPLIST_FILE = YES;
				MARKETING_VERSION = 1.0;
				PRODUCT_BUNDLE_IDENTIFIER = AT.ChaseCoinUITests;
				PRODUCT_NAME = "$(TARGET_NAME)";
				SWIFT_EMIT_LOC_STRINGS = NO;
				SWIFT_VERSION = 5.0;
				TARGETED_DEVICE_FAMILY = "1,2";
				TEST_TARGET_NAME = ChaseCoin;
			};
			name = Release;
		};
/* End XCBuildConfiguration section */

/* Begin XCConfigurationList section */
		81EC8CF32A75BB9500CA62A2 /* Build configuration list for PBXProject "ChaseCoin" */ = {
			isa = XCConfigurationList;
			buildConfigurations = (
				81EC8D1A2A75BB9800CA62A2 /* Debug */,
				81EC8D1B2A75BB9800CA62A2 /* Release */,
			);
			defaultConfigurationIsVisible = 0;
			defaultConfigurationName = Release;
		};
		81EC8D1C2A75BB9800CA62A2 /* Build configuration list for PBXNativeTarget "ChaseCoin" */ = {
			isa = XCConfigurationList;
			buildConfigurations = (
				81EC8D1D2A75BB9800CA62A2 /* Debug */,
				81EC8D1E2A75BB9800CA62A2 /* Release */,
			);
			defaultConfigurationIsVisible = 0;
			defaultConfigurationName = Release;
		};
		81EC8D1F2A75BB9800CA62A2 /* Build configuration list for PBXNativeTarget "ChaseCoinTests" */ = {
			isa = XCConfigurationList;
			buildConfigurations = (
				81EC8D202A75BB9800CA62A2 /* Debug */,
				81EC8D212A75BB9800CA62A2 /* Release */,
			);
			defaultConfigurationIsVisible = 0;
			defaultConfigurationName = Release;
		};
		81EC8D222A75BB9800CA62A2 /* Build configuration list for PBXNativeTarget "ChaseCoinUITests" */ = {
			isa = XCConfigurationList;
			buildConfigurations = (
				81EC8D232A75BB9800CA62A2 /* Debug */,
				81EC8D242A75BB9800CA62A2 /* Release */,
			);
			defaultConfigurationIsVisible = 0;
			defaultConfigurationName = Release;
		};
/* End XCConfigurationList section */
	};
	rootObject = 81EC8CF02A75BB9500CA62A2 /* Project object */;
}
